
Microsoft Visual Studio Solution File, Format Version 11.00
# Visual Studio 2010
Project("{FAE04EC0-301F-11D3-BF4B-00C04F79EFBC}") = "RabbitSagaInMassTransit", "RabbitSagaInMassTransit.csproj", "{965215A3-F72D-40E2-B92A-90E54B1B7ACB}"
EndProject
Global
	GlobalSection(SolutionConfigurationPlatforms) = preSolution
		Debug|x86 = Debug|x86
		Release|x86 = Release|x86
	EndGlobalSection
	GlobalSection(ProjectConfigurationPlatforms) = postSolution
		{965215A3-F72D-40E2-B92A-90E54B1B7ACB}.Debug|x86.ActiveCfg = Debug|x86
		{965215A3-F72D-40E2-B92A-90E54B1B7ACB}.Debug|x86.Build.0 = Debug|x86
		{965215A3-F72D-40E2-B92A-90E54B1B7ACB}.Release|x86.ActiveCfg = Release|x86
		{965215A3-F72D-40E2-B92A-90E54B1B7ACB}.Release|x86.Build.0 = Release|x86
	EndGlobalSection
	GlobalSection(SolutionProperties) = preSolution
		HideSolutionNode = FALSE
	EndGlobalSection
EndGlobal
